
Microsoft Visual Studio Solution File, Format Version 12.00
# Visual Studio Version 17
VisualStudioVersion = 17.0.31919.166
MinimumVisualStudioVersion = 10.0.40219.1
Project("{FAE04EC0-301F-11D3-BF4B-00C04F79EFBC}") = "LowerCaseOcurrences", "LowerCaseOcurrences\LowerCaseOcurrences.csproj", "{9D97657A-D99B-4F66-AEC6-DCAB652C06D8}"
EndProject
Global
	GlobalSection(SolutionConfigurationPlatforms) = preSolution
		Debug|Any CPU = Debug|Any CPU
		Release|Any CPU = Release|Any CPU
	EndGlobalSection
	GlobalSection(ProjectConfigurationPlatforms) = postSolution
		{9D97657A-D99B-4F66-AEC6-DCAB652C06D8}.Debug|Any CPU.ActiveCfg = Debug|Any CPU
		{9D97657A-D99B-4F66-AEC6-DCAB652C06D8}.Debug|Any CPU.Build.0 = Debug|Any CPU
		{9D97657A-D99B-4F66-AEC6-DCAB652C06D8}.Release|Any CPU.ActiveCfg = Release|Any CPU
		{9D97657A-D99B-4F66-AEC6-DCAB652C06D8}.Release|Any CPU.Build.0 = Release|Any CPU
	EndGlobalSection
	GlobalSection(SolutionProperties) = preSolution
		HideSolutionNode = FALSE
	EndGlobalSection
	GlobalSection(ExtensibilityGlobals) = postSolution
		SolutionGuid = {74675227-CDB8-4CA3-AA89-19D4A7B66285}
	EndGlobalSection
EndGlobal
